[root]
name = "rsh"
version = "0.0.1"
dependencies = [
 "ansi_term 0.9.0 (git+https://github.com/ogham/rust-ansi-term?rev=dee04cbc9745f33be155a23d09e43d0508d5cc52)",
]

[[package]]
name = "ansi_term"
version = "0.9.0"
source = "git+https://github.com/ogham/rust-ansi-term?rev=dee04cbc9745f33be155a23d09e43d0508d5cc52#dee04cbc9745f33be155a23d09e43d0508d5cc52"

[metadata]
"checksum ansi_term 0.9.0 (git+https://github.com/ogham/rust-ansi-term?rev=dee04cbc9745f33be155a23d09e43d0508d5cc52)" = "<none>"
